
Microsoft Visual Studio Solution File, Format Version 12.00
# Visual Studio Version 17
VisualStudioVersion = 17.13.35931.197 d17.13
MinimumVisualStudioVersion = 10.0.40219.1
Project("{FAE04EC0-301F-11D3-BF4B-00C04F79EFBC}") = "Terrenal_Kiel_Andrew_A._Open menu", "Terrenal_Kiel_Andrew_A._Open menu.csproj", "{C965C83E-B385-43F4-ABB7-E4B6ABE4AE11}"
EndProject
Global
	GlobalSection(SolutionConfigurationPlatforms) = preSolution
		Debug|Any CPU = Debug|Any CPU
		Release|Any CPU = Release|Any CPU
	EndGlobalSection
	GlobalSection(ProjectConfigurationPlatforms) = postSolution
		{C965C83E-B385-43F4-ABB7-E4B6ABE4AE11}.Debug|Any CPU.ActiveCfg = Debug|Any CPU
		{C965C83E-B385-43F4-ABB7-E4B6ABE4AE11}.Debug|Any CPU.Build.0 = Debug|Any CPU
		{C965C83E-B385-43F4-ABB7-E4B6ABE4AE11}.Release|Any CPU.ActiveCfg = Release|Any CPU
		{C965C83E-B385-43F4-ABB7-E4B6ABE4AE11}.Release|Any CPU.Build.0 = Release|Any CPU
	EndGlobalSection
	GlobalSection(SolutionProperties) = preSolution
		HideSolutionNode = FALSE
	EndGlobalSection
	GlobalSection(ExtensibilityGlobals) = postSolution
		SolutionGuid = {04F74E9C-5914-4688-AB2E-37065CD28D46}
	EndGlobalSection
EndGlobal
